
Microsoft Visual Studio Solution File, Format Version 12.00
# Visual Studio Version 17
VisualStudioVersion = 17.9.34728.123
MinimumVisualStudioVersion = 10.0.40219.1
Project("{9A19103F-16F7-4668-BE54-9A1E7A4F7556}") = "api_DEQ", "api_DEQ\api_DEQ.csproj", "{1C4DD96B-F0D9-40E7-A095-F97E1BEBA821}"
EndProject
Project("{9A19103F-16F7-4668-BE54-9A1E7A4F7556}") = "LC_DEQ", "LC_DEQ\LC_DEQ.csproj", "{60F94F38-065B-4364-8821-C4B361325841}"
EndProject
Global
	GlobalSection(SolutionConfigurationPlatforms) = preSolution
		Debug|Any CPU = Debug|Any CPU
		Release|Any CPU = Release|Any CPU
	EndGlobalSection
	GlobalSection(ProjectConfigurationPlatforms) = postSolution
		{1C4DD96B-F0D9-40E7-A095-F97E1BEBA821}.Debug|Any CPU.ActiveCfg = Debug|Any CPU
		{1C4DD96B-F0D9-40E7-A095-F97E1BEBA821}.Debug|Any CPU.Build.0 = Debug|Any CPU
		{1C4DD96B-F0D9-40E7-A095-F97E1BEBA821}.Release|Any CPU.ActiveCfg = Release|Any CPU
		{1C4DD96B-F0D9-40E7-A095-F97E1BEBA821}.Release|Any CPU.Build.0 = Release|Any CPU
		{60F94F38-065B-4364-8821-C4B361325841}.Debug|Any CPU.ActiveCfg = Debug|Any CPU
		{60F94F38-065B-4364-8821-C4B361325841}.Debug|Any CPU.Build.0 = Debug|Any CPU
		{60F94F38-065B-4364-8821-C4B361325841}.Release|Any CPU.ActiveCfg = Release|Any CPU
		{60F94F38-065B-4364-8821-C4B361325841}.Release|Any CPU.Build.0 = Release|Any CPU
	EndGlobalSection
	GlobalSection(SolutionProperties) = preSolution
		HideSolutionNode = FALSE
	EndGlobalSection
	GlobalSection(ExtensibilityGlobals) = postSolution
		SolutionGuid = {719DFCAC-8E21-4B54-8ECF-0CAF40470518}
	EndGlobalSection
EndGlobal
